
Microsoft Visual Studio Solution File, Format Version 12.00
# Visual Studio Version 17
VisualStudioVersion = 17.8.34322.80
MinimumVisualStudioVersion = 10.0.40219.1
Project("{FAE04EC0-301F-11D3-BF4B-00C04F79EFBC}") = "6. Working with Numbers", "6. Working with Numbers\6. Working with Numbers.csproj", "{EBBA907A-F08E-4C0D-9D6A-0670C159602B}"
EndProject
Global
	GlobalSection(SolutionConfigurationPlatforms) = preSolution
		Debug|Any CPU = Debug|Any CPU
		Release|Any CPU = Release|Any CPU
	EndGlobalSection
	GlobalSection(ProjectConfigurationPlatforms) = postSolution
		{EBBA907A-F08E-4C0D-9D6A-0670C159602B}.Debug|Any CPU.ActiveCfg = Debug|Any CPU
		{EBBA907A-F08E-4C0D-9D6A-0670C159602B}.Debug|Any CPU.Build.0 = Debug|Any CPU
		{EBBA907A-F08E-4C0D-9D6A-0670C159602B}.Release|Any CPU.ActiveCfg = Release|Any CPU
		{EBBA907A-F08E-4C0D-9D6A-0670C159602B}.Release|Any CPU.Build.0 = Release|Any CPU
	EndGlobalSection
	GlobalSection(SolutionProperties) = preSolution
		HideSolutionNode = FALSE
	EndGlobalSection
	GlobalSection(ExtensibilityGlobals) = postSolution
		SolutionGuid = {9167E169-D081-44A7-9F97-0585C9085646}
	EndGlobalSection
EndGlobal
